schema: '2.0'
stages:
  validate_data:
    cmd: uv run python src/data_validation.py
    deps:
    - path: artifacts/efficientnetb0/efficientnetb0_frozen_best.keras
      hash: md5
      md5: 5c144c5d9df157dd40f229f70577c877
      size: 17147925
    - path: data/interim/excluded_duplicates.csv
      hash: md5
      md5: 9202ceedc679d5b412b759221795cd71
      size: 180
    - path: data/interim/splits/test.csv
      hash: md5
      md5: da55fce03ace5af27fe40aab5f4cfad6
      size: 27551
    - path: data/interim/splits/train.csv
      hash: md5
      md5: efd17b0e2921f1df4606aa0cf555b0d0
      size: 86903
    - path: data/interim/splits/validation.csv
      hash: md5
      md5: 1d62fe7496ad73d609a6a519ef41b62b
      size: 15369
    - path: data/raw/NEU-DET
      hash: md5
      md5: 7a6e06218ccbf9bea6f9fc8c387b3927.dir
      size: 28201919
      nfiles: 3600
    - path: src/data_validation.py
      hash: md5
      md5: 58295f09cebb802e8b9f47fcc5cc1c1b
      size: 9162
  evaluate_champion:
    cmd: uv run python src/evaluate.py --model-path 
      artifacts/training/efficientnetb0-final-test_best.keras --split-csv 
      data/interim/splits/test.csv --split-name test --batch-size 32 
      --output-dir reports/evaluation
    deps:
    - path: artifacts/training/efficientnetb0-final-test_best.keras
      hash: md5
      md5: 1bcae2213f7bebefa2ec3a607fc23eff
      size: 17147925
    - path: data/interim/splits/test.csv
      hash: md5
      md5: da55fce03ace5af27fe40aab5f4cfad6
      size: 27551
    - path: data/raw/NEU-DET
      hash: md5
      md5: 7a6e06218ccbf9bea6f9fc8c387b3927.dir
      size: 28201919
      nfiles: 3600
    - path: src/evaluate.py
      hash: md5
      md5: 4ef9e7235832744451de24c84eb78253
      size: 12446
    - path: src/preprocess.py
      hash: md5
      md5: 6ab8f533689ee028290003720cb21a26
      size: 6555
    params:
      params.yaml:
        evaluate_champion.batch_size: 32
        evaluate_champion.model_path: 
          artifacts/training/efficientnetb0-final-test_best.keras
        evaluate_champion.output_dir: reports/evaluation
        evaluate_champion.split_csv: data/interim/splits/test.csv
        evaluate_champion.split_name: test
    outs:
    - path: reports/evaluation/test_classification_report.csv
      hash: md5
      md5: c67c872593721561e77db66ce32680c7
      size: 543
    - path: reports/evaluation/test_confusion_matrix.csv
      hash: md5
      md5: 9ec9d9e1d758e56dad912f720822ee86
      size: 220
    - path: reports/evaluation/test_confusion_matrix.png
      hash: md5
      md5: 380276c85472f5af2bef0a51815d66c2
      size: 101463
    - path: reports/evaluation/test_error_predictions.csv
      hash: md5
      md5: cb843be54a03c78d0d028ab08fee4a21
      size: 3423
    - path: reports/evaluation/test_metrics.json
      hash: md5
      md5: 712d0ee387c63dca2cd54df0f0bbf21f
      size: 596
    - path: reports/evaluation/test_predictions.csv
      hash: md5
      md5: 1dbadc1e1f75c4b9ebe126b9271372cb
      size: 64637
  train_model:
    cmd: uv run python src/train.py --model-name efficientnetb0 --learning-rate 
      0.001 --epochs 10 --batch-size 32 --patience 5 --train-csv 
      data/interim/splits/train.csv --validation-csv 
      data/interim/splits/validation.csv --test-csv data/interim/splits/test.csv
      --output-dir artifacts/training --reports-dir reports/training 
      --tracking-uri sqlite:///mlflow.db --experiment-name surface-scan-training
      --run-name efficientnetb0-final-test
    deps:
    - path: data/interim/splits/test.csv
      hash: md5
      md5: da55fce03ace5af27fe40aab5f4cfad6
      size: 27551
    - path: data/interim/splits/train.csv
      hash: md5
      md5: efd17b0e2921f1df4606aa0cf555b0d0
      size: 86903
    - path: data/interim/splits/validation.csv
      hash: md5
      md5: 1d62fe7496ad73d609a6a519ef41b62b
      size: 15369
    - path: data/raw/NEU-DET
      hash: md5
      md5: 7a6e06218ccbf9bea6f9fc8c387b3927.dir
      size: 28201919
      nfiles: 3600
    - path: src/model_factory.py
      hash: md5
      md5: 37d5f1a7e11165700e06a0d338b9d77f
      size: 5315
    - path: src/preprocess.py
      hash: md5
      md5: 6ab8f533689ee028290003720cb21a26
      size: 6555
    - path: src/train.py
      hash: md5
      md5: ef616fbbbfae2071d484baff60f4dff0
      size: 8420
    params:
      params.yaml:
        train.batch_size: 32
        train.epochs: 10
        train.experiment_name: surface-scan-training
        train.learning_rate: 0.001
        train.model_name: efficientnetb0
        train.output_dir: artifacts/training
        train.patience: 5
        train.reports_dir: reports/training
        train.run_name: efficientnetb0-final-test
        train.test_csv: data/interim/splits/test.csv
        train.tracking_uri: sqlite:///mlflow.db
        train.train_csv: data/interim/splits/train.csv
        train.validation_csv: data/interim/splits/validation.csv
    outs:
    - path: artifacts/training/class_names.json
      hash: md5
      md5: 47b96f272170a15ec42e6f4bf3351278
      size: 143
    - path: artifacts/training/efficientnetb0-final-test_best.keras
      hash: md5
      md5: 1bcae2213f7bebefa2ec3a607fc23eff
      size: 17147925
    - path: reports/training/efficientnetb0-final-test_history.csv
      hash: md5
      md5: 572eae85f98a6a8a94c8126ea26b9cf0
      size: 1054
